{
  "name": "pickup-mtaani-client",
  "version": "1.0.0", 
  "main": "index.js",   
  "repository": {    
    "type": "git",    
    "url": "git+https://github.com/Antonykibet/pickup-mtaani-client.git"  
  },
  "author": "Antony kibet Ruto",
  "lockfileVersion": 3,
  "requires": true,
  "packages": {}
}
